
Microsoft Visual Studio Solution File, Format Version 12.00
# Visual Studio 15
VisualStudioVersion = 15.0.28307.572
MinimumVisualStudioVersion = 10.0.40219.1
Project("{8BC9CEB8-8B4A-11D0-8D11-00A0C91BC942}") = "Project3", "Project3\Project3.vcxproj", "{635D8C8C-D59C-4DF9-8422-FB5E17708F9E}"
EndProject
Global
	GlobalSection(SolutionConfigurationPlatforms) = preSolution
		Debug|x64 = Debug|x64
		Debug|x86 = Debug|x86
		Release|x64 = Release|x64
		Release|x86 = Release|x86
	EndGlobalSection
	GlobalSection(ProjectConfigurationPlatforms) = postSolution
		{635D8C8C-D59C-4DF9-8422-FB5E17708F9E}.Debug|x64.ActiveCfg = Debug|x64
		{635D8C8C-D59C-4DF9-8422-FB5E17708F9E}.Debug|x64.Build.0 = Debug|x64
		{635D8C8C-D59C-4DF9-8422-FB5E17708F9E}.Debug|x86.ActiveCfg = Debug|Win32
		{635D8C8C-D59C-4DF9-8422-FB5E17708F9E}.Debug|x86.Build.0 = Debug|Win32
		{635D8C8C-D59C-4DF9-8422-FB5E17708F9E}.Release|x64.ActiveCfg = Release|x64
		{635D8C8C-D59C-4DF9-8422-FB5E17708F9E}.Release|x64.Build.0 = Release|x64
		{635D8C8C-D59C-4DF9-8422-FB5E17708F9E}.Release|x86.ActiveCfg = Release|Win32
		{635D8C8C-D59C-4DF9-8422-FB5E17708F9E}.Release|x86.Build.0 = Release|Win32
	EndGlobalSection
	GlobalSection(SolutionProperties) = preSolution
		HideSolutionNode = FALSE
	EndGlobalSection
	GlobalSection(ExtensibilityGlobals) = postSolution
		SolutionGuid = {25BD12BB-E17C-4F8F-BB1B-D44A31FD91B6}
	EndGlobalSection
EndGlobal
